
Microsoft Visual Studio Solution File, Format Version 11.00
# Visual Studio 2010
Project("{FAE04EC0-301F-11D3-BF4B-00C04F79EFBC}") = "InterviewQuestions.MaximumSubarrayProblem", "InterviewQuestions.MaximumSubarrayProblem\InterviewQuestions.MaximumSubarrayProblem.csproj", "{10B4CFB4-4503-4282-A528-A2F1D4B47B11}"
EndProject
Project("{FAE04EC0-301F-11D3-BF4B-00C04F79EFBC}") = "InterviewQuestions.MaximumSubarrayProblem.Tests", "InterviewQuestions.MaximumSubarrayProblem.Tests\InterviewQuestions.MaximumSubarrayProblem.Tests.csproj", "{39096436-4A10-41D4-92F8-41F3F6F12652}"
EndProject
Project("{FAE04EC0-301F-11D3-BF4B-00C04F79EFBC}") = "InterviewQuestions.DuplicationProblem", "InterviewQuestions.DuplicationProblem\InterviewQuestions.DuplicationProblem.csproj", "{12808648-F489-44E9-8503-908EF83EAF67}"
EndProject
Project("{FAE04EC0-301F-11D3-BF4B-00C04F79EFBC}") = "InterviewQuestions.DuplicationProblem.Tests", "InterviewQuestions.DuplicationProblem.Tests\InterviewQuestions.DuplicationProblem.Tests.csproj", "{9E86C78F-3A9F-4D2D-98DE-56F6029B9502}"
EndProject
Project("{FAE04EC0-301F-11D3-BF4B-00C04F79EFBC}") = "InterviewQuestions.BresenhamsLineAlgorithm", "InterviewQuestions.BresenhamsLineAlgorithm\InterviewQuestions.BresenhamsLineAlgorithm.csproj", "{700522F9-E4E8-4EBC-AD04-E94449DEB973}"
EndProject
Project("{FAE04EC0-301F-11D3-BF4B-00C04F79EFBC}") = "InterviewQuestions.BresenhamsLineAlgorithm.Tests", "InterviewQuestions.BresenhamsLineAlgorithm.Tests\InterviewQuestions.BresenhamsLineAlgorithm.Tests.csproj", "{046A69E0-6D66-4D6B-9C16-1E2947E4BFE9}"
EndProject
Project("{FAE04EC0-301F-11D3-BF4B-00C04F79EFBC}") = "InterviewQuestions.BresenhamsLineAlgorithm.Demo", "InterviewQuestions.BresenhamsLineAlgorithm.Demo\InterviewQuestions.BresenhamsLineAlgorithm.Demo.csproj", "{2EC25149-12DC-4597-909C-0AC54CB20DB7}"
EndProject
Project("{2150E333-8FDC-42A3-9474-1A3956D46DE8}") = "38", "38", "{CF69E4F5-7FAA-4730-8C45-D365456950BA}"
EndProject
Project("{2150E333-8FDC-42A3-9474-1A3956D46DE8}") = "39", "39", "{F659D3D8-9AAA-4508-B5D6-1D101FE0C242}"
EndProject
Project("{2150E333-8FDC-42A3-9474-1A3956D46DE8}") = "40", "40", "{67CAB1C1-FDB7-4D5D-A376-4BD91139F92C}"
EndProject
Project("{2150E333-8FDC-42A3-9474-1A3956D46DE8}") = "41", "41", "{FDC84136-1929-45EE-A03B-096362C561C1}"
EndProject
Project("{FAE04EC0-301F-11D3-BF4B-00C04F79EFBC}") = "InterviewQuestions.PrintLongProblem", "InterviewQuestions.PrintLongProblem\InterviewQuestions.PrintLongProblem.csproj", "{2F128312-710E-4EA4-A8CE-DDDAAA536C12}"
EndProject
Project("{FAE04EC0-301F-11D3-BF4B-00C04F79EFBC}") = "InterviewQuestions.PrintLongProblem.Tests", "InterviewQuestions.PrintLongProblem.Tests\InterviewQuestions.PrintLongProblem.Tests.csproj", "{298AF5AA-982C-4B75-9BF8-1EFD1C151347}"
EndProject
Project("{2150E333-8FDC-42A3-9474-1A3956D46DE8}") = "42", "42", "{05CFD9A8-0A51-40E1-AE59-6FD8BE4C5E15}"
EndProject
Project("{FAE04EC0-301F-11D3-BF4B-00C04F79EFBC}") = "InterviewQuestions.IsNumberPowerOfTwoProblem", "InterviewQuestions.IsNumberPowerOfTwoProblem\InterviewQuestions.IsNumberPowerOfTwoProblem.csproj", "{B0AF69D2-549F-4207-9FDC-8E90C6DCF4C7}"
EndProject
Project("{FAE04EC0-301F-11D3-BF4B-00C04F79EFBC}") = "InterviewQuestions.IsNumberPowerOfTwoProblem.Tests", "InterviewQuestions.IsNumberPowerOfTwoProblem.Tests\InterviewQuestions.IsNumberPowerOfTwoProblem.Tests.csproj", "{E4C1D241-3E69-47C6-900E-6617F674BCDD}"
EndProject
Project("{2150E333-8FDC-42A3-9474-1A3956D46DE8}") = "43", "43", "{B23E541C-F8EA-470C-895A-B3E47BB9646C}"
EndProject
Project("{FAE04EC0-301F-11D3-BF4B-00C04F79EFBC}") = "InterviewQuestions.ReverseOrderOfWordsProblem", "InterviewQuestions.ReverseOrderOfWordsProblem\InterviewQuestions.ReverseOrderOfWordsProblem.csproj", "{831E09CC-4790-43D3-85DE-9438EA2A2633}"
EndProject
Project("{FAE04EC0-301F-11D3-BF4B-00C04F79EFBC}") = "InterviewQuestions.ReverseOrderOfWordsProblem.Tests", "InterviewQuestions.ReverseOrderOfWordsProblem.Tests\InterviewQuestions.ReverseOrderOfWordsProblem.Tests.csproj", "{7873F8EE-D972-4188-B6C3-EFA611ECD5F4}"
EndProject
Project("{2150E333-8FDC-42A3-9474-1A3956D46DE8}") = "44", "44", "{FCE42443-AA38-44D1-9AE7-38689FE9A3AA}"
EndProject
Project("{FAE04EC0-301F-11D3-BF4B-00C04F79EFBC}") = "InterviewQuestions.FastBitCountingProblem", "InterviewQuestions.FastBitCountingProblem\InterviewQuestions.FastBitCountingProblem.csproj", "{C95F3613-A870-4F30-95A1-BF135C49FB7B}"
EndProject
Project("{FAE04EC0-301F-11D3-BF4B-00C04F79EFBC}") = "InterviewQuestions.FastBitCountingProblem.Tests", "InterviewQuestions.FastBitCountingProblem.Tests\InterviewQuestions.FastBitCountingProblem.Tests.csproj", "{8933A6CC-AEB2-46EC-9A37-1845933BD97B}"
EndProject
Project("{2150E333-8FDC-42A3-9474-1A3956D46DE8}") = "45", "45", "{C8C39FEC-D001-44BA-9CB4-77AA057FFADC}"
EndProject
Project("{FAE04EC0-301F-11D3-BF4B-00C04F79EFBC}") = "InterviewQuestions.ReverseLinkedListProblem", "InterviewQuestions.ReverseLinkedListProblem\InterviewQuestions.ReverseLinkedListProblem.csproj", "{988CFF5C-7B00-4880-B19D-C26080860BF0}"
EndProject
Project("{FAE04EC0-301F-11D3-BF4B-00C04F79EFBC}") = "InterviewQuestions.ReverseLinkedListProblem.Tests", "InterviewQuestions.ReverseLinkedListProblem.Tests\InterviewQuestions.ReverseLinkedListProblem.Tests.csproj", "{7719B1E2-37AB-4C53-8110-5DC4D1CBC7E5}"
EndProject
Global
	GlobalSection(SolutionConfigurationPlatforms) = preSolution
		Debug|Any CPU = Debug|Any CPU
		Debug|Mixed Platforms = Debug|Mixed Platforms
		Debug|x86 = Debug|x86
		Release|Any CPU = Release|Any CPU
		Release|Mixed Platforms = Release|Mixed Platforms
		Release|x86 = Release|x86
	EndGlobalSection
	GlobalSection(ProjectConfigurationPlatforms) = postSolution
		{10B4CFB4-4503-4282-A528-A2F1D4B47B11}.Debug|Any CPU.ActiveCfg = Debug|Any CPU
		{10B4CFB4-4503-4282-A528-A2F1D4B47B11}.Debug|Any CPU.Build.0 = Debug|Any CPU
		{10B4CFB4-4503-4282-A528-A2F1D4B47B11}.Debug|Mixed Platforms.ActiveCfg = Debug|Any CPU
		{10B4CFB4-4503-4282-A528-A2F1D4B47B11}.Debug|Mixed Platforms.Build.0 = Debug|Any CPU
		{10B4CFB4-4503-4282-A528-A2F1D4B47B11}.Debug|x86.ActiveCfg = Debug|Any CPU
		{10B4CFB4-4503-4282-A528-A2F1D4B47B11}.Release|Any CPU.ActiveCfg = Release|Any CPU
		{10B4CFB4-4503-4282-A528-A2F1D4B47B11}.Release|Any CPU.Build.0 = Release|Any CPU
		{10B4CFB4-4503-4282-A528-A2F1D4B47B11}.Release|Mixed Platforms.ActiveCfg = Release|Any CPU
		{10B4CFB4-4503-4282-A528-A2F1D4B47B11}.Release|Mixed Platforms.Build.0 = Release|Any CPU
		{10B4CFB4-4503-4282-A528-A2F1D4B47B11}.Release|x86.ActiveCfg = Release|Any CPU
		{39096436-4A10-41D4-92F8-41F3F6F12652}.Debug|Any CPU.ActiveCfg = Debug|Any CPU
		{39096436-4A10-41D4-92F8-41F3F6F12652}.Debug|Any CPU.Build.0 = Debug|Any CPU
		{39096436-4A10-41D4-92F8-41F3F6F12652}.Debug|Mixed Platforms.ActiveCfg = Debug|Any CPU
		{39096436-4A10-41D4-92F8-41F3F6F12652}.Debug|Mixed Platforms.Build.0 = Debug|Any CPU
		{39096436-4A10-41D4-92F8-41F3F6F12652}.Debug|x86.ActiveCfg = Debug|Any CPU
		{39096436-4A10-41D4-92F8-41F3F6F12652}.Release|Any CPU.ActiveCfg = Release|Any CPU
		{39096436-4A10-41D4-92F8-41F3F6F12652}.Release|Any CPU.Build.0 = Release|Any CPU
		{39096436-4A10-41D4-92F8-41F3F6F12652}.Release|Mixed Platforms.ActiveCfg = Release|Any CPU
		{39096436-4A10-41D4-92F8-41F3F6F12652}.Release|Mixed Platforms.Build.0 = Release|Any CPU
		{39096436-4A10-41D4-92F8-41F3F6F12652}.Release|x86.ActiveCfg = Release|Any CPU
		{12808648-F489-44E9-8503-908EF83EAF67}.Debug|Any CPU.ActiveCfg = Debug|Any CPU
		{12808648-F489-44E9-8503-908EF83EAF67}.Debug|Any CPU.Build.0 = Debug|Any CPU
		{12808648-F489-44E9-8503-908EF83EAF67}.Debug|Mixed Platforms.ActiveCfg = Debug|Any CPU
		{12808648-F489-44E9-8503-908EF83EAF67}.Debug|Mixed Platforms.Build.0 = Debug|Any CPU
		{12808648-F489-44E9-8503-908EF83EAF67}.Debug|x86.ActiveCfg = Debug|Any CPU
		{12808648-F489-44E9-8503-908EF83EAF67}.Release|Any CPU.ActiveCfg = Release|Any CPU
		{12808648-F489-44E9-8503-908EF83EAF67}.Release|Any CPU.Build.0 = Release|Any CPU
		{12808648-F489-44E9-8503-908EF83EAF67}.Release|Mixed Platforms.ActiveCfg = Release|Any CPU
		{12808648-F489-44E9-8503-908EF83EAF67}.Release|Mixed Platforms.Build.0 = Release|Any CPU
		{12808648-F489-44E9-8503-908EF83EAF67}.Release|x86.ActiveCfg = Release|Any CPU
		{9E86C78F-3A9F-4D2D-98DE-56F6029B9502}.Debug|Any CPU.ActiveCfg = Debug|Any CPU
		{9E86C78F-3A9F-4D2D-98DE-56F6029B9502}.Debug|Any CPU.Build.0 = Debug|Any CPU
		{9E86C78F-3A9F-4D2D-98DE-56F6029B9502}.Debug|Mixed Platforms.ActiveCfg = Debug|Any CPU
		{9E86C78F-3A9F-4D2D-98DE-56F6029B9502}.Debug|Mixed Platforms.Build.0 = Debug|Any CPU
		{9E86C78F-3A9F-4D2D-98DE-56F6029B9502}.Debug|x86.ActiveCfg = Debug|Any CPU
		{9E86C78F-3A9F-4D2D-98DE-56F6029B9502}.Release|Any CPU.ActiveCfg = Release|Any CPU
		{9E86C78F-3A9F-4D2D-98DE-56F6029B9502}.Release|Any CPU.Build.0 = Release|Any CPU
		{9E86C78F-3A9F-4D2D-98DE-56F6029B9502}.Release|Mixed Platforms.ActiveCfg = Release|Any CPU
		{9E86C78F-3A9F-4D2D-98DE-56F6029B9502}.Release|Mixed Platforms.Build.0 = Release|Any CPU
		{9E86C78F-3A9F-4D2D-98DE-56F6029B9502}.Release|x86.ActiveCfg = Release|Any CPU
		{700522F9-E4E8-4EBC-AD04-E94449DEB973}.Debug|Any CPU.ActiveCfg = Debug|Any CPU
		{700522F9-E4E8-4EBC-AD04-E94449DEB973}.Debug|Any CPU.Build.0 = Debug|Any CPU
		{700522F9-E4E8-4EBC-AD04-E94449DEB973}.Debug|Mixed Platforms.ActiveCfg = Debug|Any CPU
		{700522F9-E4E8-4EBC-AD04-E94449DEB973}.Debug|Mixed Platforms.Build.0 = Debug|Any CPU
		{700522F9-E4E8-4EBC-AD04-E94449DEB973}.Debug|x86.ActiveCfg = Debug|Any CPU
		{700522F9-E4E8-4EBC-AD04-E94449DEB973}.Release|Any CPU.ActiveCfg = Release|Any CPU
		{700522F9-E4E8-4EBC-AD04-E94449DEB973}.Release|Any CPU.Build.0 = Release|Any CPU
		{700522F9-E4E8-4EBC-AD04-E94449DEB973}.Release|Mixed Platforms.ActiveCfg = Release|Any CPU
		{700522F9-E4E8-4EBC-AD04-E94449DEB973}.Release|Mixed Platforms.Build.0 = Release|Any CPU
		{700522F9-E4E8-4EBC-AD04-E94449DEB973}.Release|x86.ActiveCfg = Release|Any CPU
		{046A69E0-6D66-4D6B-9C16-1E2947E4BFE9}.Debug|Any CPU.ActiveCfg = Debug|Any CPU
		{046A69E0-6D66-4D6B-9C16-1E2947E4BFE9}.Debug|Any CPU.Build.0 = Debug|Any CPU
		{046A69E0-6D66-4D6B-9C16-1E2947E4BFE9}.Debug|Mixed Platforms.ActiveCfg = Debug|Any CPU
		{046A69E0-6D66-4D6B-9C16-1E2947E4BFE9}.Debug|Mixed Platforms.Build.0 = Debug|Any CPU
		{046A69E0-6D66-4D6B-9C16-1E2947E4BFE9}.Debug|x86.ActiveCfg = Debug|Any CPU
		{046A69E0-6D66-4D6B-9C16-1E2947E4BFE9}.Release|Any CPU.ActiveCfg = Release|Any CPU
		{046A69E0-6D66-4D6B-9C16-1E2947E4BFE9}.Release|Any CPU.Build.0 = Release|Any CPU
		{046A69E0-6D66-4D6B-9C16-1E2947E4BFE9}.Release|Mixed Platforms.ActiveCfg = Release|Any CPU
		{046A69E0-6D66-4D6B-9C16-1E2947E4BFE9}.Release|Mixed Platforms.Build.0 = Release|Any CPU
		{046A69E0-6D66-4D6B-9C16-1E2947E4BFE9}.Release|x86.ActiveCfg = Release|Any CPU
		{2EC25149-12DC-4597-909C-0AC54CB20DB7}.Debug|Any CPU.ActiveCfg = Debug|x86
		{2EC25149-12DC-4597-909C-0AC54CB20DB7}.Debug|Mixed Platforms.ActiveCfg = Debug|x86
		{2EC25149-12DC-4597-909C-0AC54CB20DB7}.Debug|Mixed Platforms.Build.0 = Debug|x86
		{2EC25149-12DC-4597-909C-0AC54CB20DB7}.Debug|x86.ActiveCfg = Debug|x86
		{2EC25149-12DC-4597-909C-0AC54CB20DB7}.Debug|x86.Build.0 = Debug|x86
		{2EC25149-12DC-4597-909C-0AC54CB20DB7}.Release|Any CPU.ActiveCfg = Release|x86
		{2EC25149-12DC-4597-909C-0AC54CB20DB7}.Release|Mixed Platforms.ActiveCfg = Release|x86
		{2EC25149-12DC-4597-909C-0AC54CB20DB7}.Release|Mixed Platforms.Build.0 = Release|x86
		{2EC25149-12DC-4597-909C-0AC54CB20DB7}.Release|x86.ActiveCfg = Release|x86
		{2EC25149-12DC-4597-909C-0AC54CB20DB7}.Release|x86.Build.0 = Release|x86
		{2F128312-710E-4EA4-A8CE-DDDAAA536C12}.Debug|Any CPU.ActiveCfg = Debug|Any CPU
		{2F128312-710E-4EA4-A8CE-DDDAAA536C12}.Debug|Any CPU.Build.0 = Debug|Any CPU
		{2F128312-710E-4EA4-A8CE-DDDAAA536C12}.Debug|Mixed Platforms.ActiveCfg = Debug|Any CPU
		{2F128312-710E-4EA4-A8CE-DDDAAA536C12}.Debug|Mixed Platforms.Build.0 = Debug|Any CPU
		{2F128312-710E-4EA4-A8CE-DDDAAA536C12}.Debug|x86.ActiveCfg = Debug|Any CPU
		{2F128312-710E-4EA4-A8CE-DDDAAA536C12}.Release|Any CPU.ActiveCfg = Release|Any CPU
		{2F128312-710E-4EA4-A8CE-DDDAAA536C12}.Release|Any CPU.Build.0 = Release|Any CPU
		{2F128312-710E-4EA4-A8CE-DDDAAA536C12}.Release|Mixed Platforms.ActiveCfg = Release|Any CPU
		{2F128312-710E-4EA4-A8CE-DDDAAA536C12}.Release|Mixed Platforms.Build.0 = Release|Any CPU
		{2F128312-710E-4EA4-A8CE-DDDAAA536C12}.Release|x86.ActiveCfg = Release|Any CPU
		{298AF5AA-982C-4B75-9BF8-1EFD1C151347}.Debug|Any CPU.ActiveCfg = Debug|Any CPU
		{298AF5AA-982C-4B75-9BF8-1EFD1C151347}.Debug|Any CPU.Build.0 = Debug|Any CPU
		{298AF5AA-982C-4B75-9BF8-1EFD1C151347}.Debug|Mixed Platforms.ActiveCfg = Debug|Any CPU
		{298AF5AA-982C-4B75-9BF8-1EFD1C151347}.Debug|Mixed Platforms.Build.0 = Debug|Any CPU
		{298AF5AA-982C-4B75-9BF8-1EFD1C151347}.Debug|x86.ActiveCfg = Debug|Any CPU
		{298AF5AA-982C-4B75-9BF8-1EFD1C151347}.Release|Any CPU.ActiveCfg = Release|Any CPU
		{298AF5AA-982C-4B75-9BF8-1EFD1C151347}.Release|Any CPU.Build.0 = Release|Any CPU
		{298AF5AA-982C-4B75-9BF8-1EFD1C151347}.Release|Mixed Platforms.ActiveCfg = Release|Any CPU
		{298AF5AA-982C-4B75-9BF8-1EFD1C151347}.Release|Mixed Platforms.Build.0 = Release|Any CPU
		{298AF5AA-982C-4B75-9BF8-1EFD1C151347}.Release|x86.ActiveCfg = Release|Any CPU
		{B0AF69D2-549F-4207-9FDC-8E90C6DCF4C7}.Debug|Any CPU.ActiveCfg = Debug|Any CPU
		{B0AF69D2-549F-4207-9FDC-8E90C6DCF4C7}.Debug|Any CPU.Build.0 = Debug|Any CPU
		{B0AF69D2-549F-4207-9FDC-8E90C6DCF4C7}.Debug|Mixed Platforms.ActiveCfg = Debug|Any CPU
		{B0AF69D2-549F-4207-9FDC-8E90C6DCF4C7}.Debug|Mixed Platforms.Build.0 = Debug|Any CPU
		{B0AF69D2-549F-4207-9FDC-8E90C6DCF4C7}.Debug|x86.ActiveCfg = Debug|Any CPU
		{B0AF69D2-549F-4207-9FDC-8E90C6DCF4C7}.Release|Any CPU.ActiveCfg = Release|Any CPU
		{B0AF69D2-549F-4207-9FDC-8E90C6DCF4C7}.Release|Any CPU.Build.0 = Release|Any CPU
		{B0AF69D2-549F-4207-9FDC-8E90C6DCF4C7}.Release|Mixed Platforms.ActiveCfg = Release|Any CPU
		{B0AF69D2-549F-4207-9FDC-8E90C6DCF4C7}.Release|Mixed Platforms.Build.0 = Release|Any CPU
		{B0AF69D2-549F-4207-9FDC-8E90C6DCF4C7}.Release|x86.ActiveCfg = Release|Any CPU
		{E4C1D241-3E69-47C6-900E-6617F674BCDD}.Debug|Any CPU.ActiveCfg = Debug|Any CPU
		{E4C1D241-3E69-47C6-900E-6617F674BCDD}.Debug|Any CPU.Build.0 = Debug|Any CPU
		{E4C1D241-3E69-47C6-900E-6617F674BCDD}.Debug|Mixed Platforms.ActiveCfg = Debug|Any CPU
		{E4C1D241-3E69-47C6-900E-6617F674BCDD}.Debug|Mixed Platforms.Build.0 = Debug|Any CPU
		{E4C1D241-3E69-47C6-900E-6617F674BCDD}.Debug|x86.ActiveCfg = Debug|Any CPU
		{E4C1D241-3E69-47C6-900E-6617F674BCDD}.Release|Any CPU.ActiveCfg = Release|Any CPU
		{E4C1D241-3E69-47C6-900E-6617F674BCDD}.Release|Any CPU.Build.0 = Release|Any CPU
		{E4C1D241-3E69-47C6-900E-6617F674BCDD}.Release|Mixed Platforms.ActiveCfg = Release|Any CPU
		{E4C1D241-3E69-47C6-900E-6617F674BCDD}.Release|Mixed Platforms.Build.0 = Release|Any CPU
		{E4C1D241-3E69-47C6-900E-6617F674BCDD}.Release|x86.ActiveCfg = Release|Any CPU
		{831E09CC-4790-43D3-85DE-9438EA2A2633}.Debug|Any CPU.ActiveCfg = Debug|Any CPU
		{831E09CC-4790-43D3-85DE-9438EA2A2633}.Debug|Any CPU.Build.0 = Debug|Any CPU
		{831E09CC-4790-43D3-85DE-9438EA2A2633}.Debug|Mixed Platforms.ActiveCfg = Debug|Any CPU
		{831E09CC-4790-43D3-85DE-9438EA2A2633}.Debug|Mixed Platforms.Build.0 = Debug|Any CPU
		{831E09CC-4790-43D3-85DE-9438EA2A2633}.Debug|x86.ActiveCfg = Debug|Any CPU
		{831E09CC-4790-43D3-85DE-9438EA2A2633}.Release|Any CPU.ActiveCfg = Release|Any CPU
		{831E09CC-4790-43D3-85DE-9438EA2A2633}.Release|Any CPU.Build.0 = Release|Any CPU
		{831E09CC-4790-43D3-85DE-9438EA2A2633}.Release|Mixed Platforms.ActiveCfg = Release|Any CPU
		{831E09CC-4790-43D3-85DE-9438EA2A2633}.Release|Mixed Platforms.Build.0 = Release|Any CPU
		{831E09CC-4790-43D3-85DE-9438EA2A2633}.Release|x86.ActiveCfg = Release|Any CPU
		{7873F8EE-D972-4188-B6C3-EFA611ECD5F4}.Debug|Any CPU.ActiveCfg = Debug|Any CPU
		{7873F8EE-D972-4188-B6C3-EFA611ECD5F4}.Debug|Any CPU.Build.0 = Debug|Any CPU
		{7873F8EE-D972-4188-B6C3-EFA611ECD5F4}.Debug|Mixed Platforms.ActiveCfg = Debug|Any CPU
		{7873F8EE-D972-4188-B6C3-EFA611ECD5F4}.Debug|Mixed Platforms.Build.0 = Debug|Any CPU
		{7873F8EE-D972-4188-B6C3-EFA611ECD5F4}.Debug|x86.ActiveCfg = Debug|Any CPU
		{7873F8EE-D972-4188-B6C3-EFA611ECD5F4}.Release|Any CPU.ActiveCfg = Release|Any CPU
		{7873F8EE-D972-4188-B6C3-EFA611ECD5F4}.Release|Any CPU.Build.0 = Release|Any CPU
		{7873F8EE-D972-4188-B6C3-EFA611ECD5F4}.Release|Mixed Platforms.ActiveCfg = Release|Any CPU
		{7873F8EE-D972-4188-B6C3-EFA611ECD5F4}.Release|Mixed Platforms.Build.0 = Release|Any CPU
		{7873F8EE-D972-4188-B6C3-EFA611ECD5F4}.Release|x86.ActiveCfg = Release|Any CPU
		{C95F3613-A870-4F30-95A1-BF135C49FB7B}.Debug|Any CPU.ActiveCfg = Debug|Any CPU
		{C95F3613-A870-4F30-95A1-BF135C49FB7B}.Debug|Any CPU.Build.0 = Debug|Any CPU
		{C95F3613-A870-4F30-95A1-BF135C49FB7B}.Debug|Mixed Platforms.ActiveCfg = Debug|Any CPU
		{C95F3613-A870-4F30-95A1-BF135C49FB7B}.Debug|Mixed Platforms.Build.0 = Debug|Any CPU
		{C95F3613-A870-4F30-95A1-BF135C49FB7B}.Debug|x86.ActiveCfg = Debug|Any CPU
		{C95F3613-A870-4F30-95A1-BF135C49FB7B}.Release|Any CPU.ActiveCfg = Release|Any CPU
		{C95F3613-A870-4F30-95A1-BF135C49FB7B}.Release|Any CPU.Build.0 = Release|Any CPU
		{C95F3613-A870-4F30-95A1-BF135C49FB7B}.Release|Mixed Platforms.ActiveCfg = Release|Any CPU
		{C95F3613-A870-4F30-95A1-BF135C49FB7B}.Release|Mixed Platforms.Build.0 = Release|Any CPU
		{C95F3613-A870-4F30-95A1-BF135C49FB7B}.Release|x86.ActiveCfg = Release|Any CPU
		{8933A6CC-AEB2-46EC-9A37-1845933BD97B}.Debug|Any CPU.ActiveCfg = Debug|Any CPU
		{8933A6CC-AEB2-46EC-9A37-1845933BD97B}.Debug|Any CPU.Build.0 = Debug|Any CPU
		{8933A6CC-AEB2-46EC-9A37-1845933BD97B}.Debug|Mixed Platforms.ActiveCfg = Debug|Any CPU
		{8933A6CC-AEB2-46EC-9A37-1845933BD97B}.Debug|Mixed Platforms.Build.0 = Debug|Any CPU
		{8933A6CC-AEB2-46EC-9A37-1845933BD97B}.Debug|x86.ActiveCfg = Debug|Any CPU
		{8933A6CC-AEB2-46EC-9A37-1845933BD97B}.Release|Any CPU.ActiveCfg = Release|Any CPU
		{8933A6CC-AEB2-46EC-9A37-1845933BD97B}.Release|Any CPU.Build.0 = Release|Any CPU
		{8933A6CC-AEB2-46EC-9A37-1845933BD97B}.Release|Mixed Platforms.ActiveCfg = Release|Any CPU
		{8933A6CC-AEB2-46EC-9A37-1845933BD97B}.Release|Mixed Platforms.Build.0 = Release|Any CPU
		{8933A6CC-AEB2-46EC-9A37-1845933BD97B}.Release|x86.ActiveCfg = Release|Any CPU
		{988CFF5C-7B00-4880-B19D-C26080860BF0}.Debug|Any CPU.ActiveCfg = Debug|Any CPU
		{988CFF5C-7B00-4880-B19D-C26080860BF0}.Debug|Any CPU.Build.0 = Debug|Any CPU
		{988CFF5C-7B00-4880-B19D-C26080860BF0}.Debug|Mixed Platforms.ActiveCfg = Debug|Any CPU
		{988CFF5C-7B00-4880-B19D-C26080860BF0}.Debug|Mixed Platforms.Build.0 = Debug|Any CPU
		{988CFF5C-7B00-4880-B19D-C26080860BF0}.Debug|x86.ActiveCfg = Debug|Any CPU
		{988CFF5C-7B00-4880-B19D-C26080860BF0}.Release|Any CPU.ActiveCfg = Release|Any CPU
		{988CFF5C-7B00-4880-B19D-C26080860BF0}.Release|Any CPU.Build.0 = Release|Any CPU
		{988CFF5C-7B00-4880-B19D-C26080860BF0}.Release|Mixed Platforms.ActiveCfg = Release|Any CPU
		{988CFF5C-7B00-4880-B19D-C26080860BF0}.Release|Mixed Platforms.Build.0 = Release|Any CPU
		{988CFF5C-7B00-4880-B19D-C26080860BF0}.Release|x86.ActiveCfg = Release|Any CPU
		{7719B1E2-37AB-4C53-8110-5DC4D1CBC7E5}.Debug|Any CPU.ActiveCfg = Debug|Any CPU
		{7719B1E2-37AB-4C53-8110-5DC4D1CBC7E5}.Debug|Any CPU.Build.0 = Debug|Any CPU
		{7719B1E2-37AB-4C53-8110-5DC4D1CBC7E5}.Debug|Mixed Platforms.ActiveCfg = Debug|Any CPU
		{7719B1E2-37AB-4C53-8110-5DC4D1CBC7E5}.Debug|Mixed Platforms.Build.0 = Debug|Any CPU
		{7719B1E2-37AB-4C53-8110-5DC4D1CBC7E5}.Debug|x86.ActiveCfg = Debug|Any CPU
		{7719B1E2-37AB-4C53-8110-5DC4D1CBC7E5}.Release|Any CPU.ActiveCfg = Release|Any CPU
		{7719B1E2-37AB-4C53-8110-5DC4D1CBC7E5}.Release|Any CPU.Build.0 = Release|Any CPU
		{7719B1E2-37AB-4C53-8110-5DC4D1CBC7E5}.Release|Mixed Platforms.ActiveCfg = Release|Any CPU
		{7719B1E2-37AB-4C53-8110-5DC4D1CBC7E5}.Release|Mixed Platforms.Build.0 = Release|Any CPU
		{7719B1E2-37AB-4C53-8110-5DC4D1CBC7E5}.Release|x86.ActiveCfg = Release|Any CPU
	EndGlobalSection
	GlobalSection(SolutionProperties) = preSolution
		HideSolutionNode = FALSE
	EndGlobalSection
	GlobalSection(NestedProjects) = preSolution
		{39096436-4A10-41D4-92F8-41F3F6F12652} = {CF69E4F5-7FAA-4730-8C45-D365456950BA}
		{10B4CFB4-4503-4282-A528-A2F1D4B47B11} = {CF69E4F5-7FAA-4730-8C45-D365456950BA}
		{9E86C78F-3A9F-4D2D-98DE-56F6029B9502} = {F659D3D8-9AAA-4508-B5D6-1D101FE0C242}
		{12808648-F489-44E9-8503-908EF83EAF67} = {F659D3D8-9AAA-4508-B5D6-1D101FE0C242}
		{046A69E0-6D66-4D6B-9C16-1E2947E4BFE9} = {67CAB1C1-FDB7-4D5D-A376-4BD91139F92C}
		{2EC25149-12DC-4597-909C-0AC54CB20DB7} = {67CAB1C1-FDB7-4D5D-A376-4BD91139F92C}
		{700522F9-E4E8-4EBC-AD04-E94449DEB973} = {67CAB1C1-FDB7-4D5D-A376-4BD91139F92C}
		{2F128312-710E-4EA4-A8CE-DDDAAA536C12} = {FDC84136-1929-45EE-A03B-096362C561C1}
		{298AF5AA-982C-4B75-9BF8-1EFD1C151347} = {FDC84136-1929-45EE-A03B-096362C561C1}
		{B0AF69D2-549F-4207-9FDC-8E90C6DCF4C7} = {05CFD9A8-0A51-40E1-AE59-6FD8BE4C5E15}
		{E4C1D241-3E69-47C6-900E-6617F674BCDD} = {05CFD9A8-0A51-40E1-AE59-6FD8BE4C5E15}
		{831E09CC-4790-43D3-85DE-9438EA2A2633} = {B23E541C-F8EA-470C-895A-B3E47BB9646C}
		{7873F8EE-D972-4188-B6C3-EFA611ECD5F4} = {B23E541C-F8EA-470C-895A-B3E47BB9646C}
		{C95F3613-A870-4F30-95A1-BF135C49FB7B} = {FCE42443-AA38-44D1-9AE7-38689FE9A3AA}
		{8933A6CC-AEB2-46EC-9A37-1845933BD97B} = {FCE42443-AA38-44D1-9AE7-38689FE9A3AA}
		{988CFF5C-7B00-4880-B19D-C26080860BF0} = {C8C39FEC-D001-44BA-9CB4-77AA057FFADC}
		{7719B1E2-37AB-4C53-8110-5DC4D1CBC7E5} = {C8C39FEC-D001-44BA-9CB4-77AA057FFADC}
	EndGlobalSection
EndGlobal
